# This file was autogenerated by Stack.
# You should not edit this file by hand.
# For more information, please see the documentation at:
#   https://docs.haskellstack.org/en/stable/lock_files

packages: []
snapshots:
- completed:
    size: 532380
    url: https://raw.githubusercontent.com/commercialhaskell/stackage-snapshots/master/lts/16/16.yaml
    sha256: d6b004b095fe2a0b8b14fbc30014ee97e58843b9c9362ddb9244273dda62649e
  original: lts-16.16
