# This file was autogenerated by Stack.
# You should not edit this file by hand.
# For more information, please see the documentation at:
#   https://docs.haskellstack.org/en/stable/lock_files

packages:
- completed:
    hackage: raven-haskell-0.1.4.0@sha256:64eca8650d140fc853a951af0cf4e2ce255b90491b9e3014d82be2e79593c43a,1251
    pantry-tree:
      sha256: 19c2aaf9c09d341108777e3a4de975841f81518ed271b156983d25ec622dd266
      size: 632
  original:
    hackage: raven-haskell-0.1.4.0@sha256:64eca8650d140fc853a951af0cf4e2ce255b90491b9e3014d82be2e79593c43a,1251
snapshots:
- completed:
    sha256: d6b004b095fe2a0b8b14fbc30014ee97e58843b9c9362ddb9244273dda62649e
    size: 532380
    url: https://raw.githubusercontent.com/commercialhaskell/stackage-snapshots/master/lts/16/16.yaml
  original: lts-16.16
